PODS:
  - libwebp (0.5.1):
    - libwebp/core (= 0.5.1)
    - libwebp/dec (= 0.5.1)
    - libwebp/demux (= 0.5.1)
    - libwebp/dsp (= 0.5.1)
    - libwebp/enc (= 0.5.1)
    - libwebp/mux (= 0.5.1)
    - libwebp/utils (= 0.5.1)
    - libwebp/webp (= 0.5.1)
  - libwebp/core (0.5.1):
    - libwebp/webp
  - libwebp/dec (0.5.1):
    - libwebp/core
  - libwebp/demux (0.5.1):
    - libwebp/core
  - libwebp/dsp (0.5.1):
    - libwebp/core
  - libwebp/enc (0.5.1):
    - libwebp/core
  - libwebp/mux (0.5.1):
    - libwebp/core
  - libwebp/utils (0.5.1):
    - libwebp/core
  - libwebp/webp (0.5.1)
  - Vulcan (0.3.0):
    - Vulcan/WebP (= 0.3.0)
  - Vulcan/WebP (0.3.0):
    - libwebp

DEPENDENCIES:
  - Vulcan (from `./../../`)

EXTERNAL SOURCES:
  Vulcan:
    :path: "./../../"

SPEC CHECKSUMS:
  libwebp: b9126f8982a95370cf4eaad9bb3fefd57f052c15
  Vulcan: e97f6fd05640eaf72023901a0259369f090adb77

PODFILE CHECKSUM: c323f0221e55238f40fe28e70dfb9e6098a35837

COCOAPODS: 1.2.0
