// !$*UTF8*$!
{
	archiveVersion = 1;
	classes = {
	};
	objectVersion = 46;
	objects = {

/* Begin PBXBuildFile section */
		2F87EFEFD0C4AEA62DEEAF93 /* Pods_VulcanSample.framework in Frameworks */ = {isa = PBXBuildFile; fileRef = 32C968BFD133D58AB6517D4F /* Pods_VulcanSample.framework */; };
		6DF14C68A88125091E5095CD /* Pods_VulcanSampleTests.framework in Frameworks */ = {isa = PBXBuildFile; fileRef = 58FDEA4FBF78AEA3405734AD /* Pods_VulcanSampleTests.framework */; };
		938206841DB9128B0004D948 /* AppDelegate.swift in Sources */ = {isa = PBXBuildFile; fileRef = 938206831DB9128B0004D948 /* AppDelegate.swift */; };
		938206861DB9128B0004D948 /* ViewController.swift in Sources */ = {isa = PBXBuildFile; fileRef = 938206851DB9128B0004D948 /* ViewController.swift */; };
		938206891DB9128B0004D948 /* Main.storyboard in Resources */ = {isa = PBXBuildFile; fileRef = 938206871DB9128B0004D948 /* Main.storyboard */; };
		9382068B1DB9128B0004D948 /* Assets.xcassets in Resources */ = {isa = PBXBuildFile; fileRef = 9382068A1DB9128B0004D948 /* Assets.xcassets */; };
		9382068E1DB9128B0004D948 /* LaunchScreen.storyboard in Resources */ = {isa = PBXBuildFile; fileRef = 9382068C1DB9128B0004D948 /* LaunchScreen.storyboard */; };
		938206991DB9128B0004D948 /* VulcanSampleTests.swift in Sources */ = {isa = PBXBuildFile; fileRef = 938206981DB9128B0004D948 /* VulcanSampleTests.swift */; };
/* End PBXBuildFile section */

/* Begin PBXContainerItemProxy section */
		938206951DB9128B0004D948 /* PBXContainerItemProxy */ = {
			isa = PBXContainerItemProxy;
			containerPortal = 938206781DB9128B0004D948 /* Project object */;
			proxyType = 1;
			remoteGlobalIDString = 9382067F1DB9128B0004D948;
			remoteInfo = VulcanSample;
		};
/* End PBXContainerItemProxy section */

/* Begin PBXFileReference section */
		32C968BFD133D58AB6517D4F /* Pods_VulcanSample.framework */ = {isa = PBXFileReference; explicitFileType = wrapper.framework; includeInIndex = 0; path = Pods_VulcanSample.framework; sourceTree = BUILT_PRODUCTS_DIR; };
		4757AAA526B18F55E9A63C6B /* Pods-VulcanSample.release.xcconfig */ = {isa = PBXFileReference; includeInIndex = 1; lastKnownFileType = text.xcconfig; name = "Pods-VulcanSample.release.xcconfig"; path = "Pods/Target Support Files/Pods-VulcanSample/Pods-VulcanSample.release.xcconfig"; sourceTree = "<group>"; };
		52E67D6403C71C95B83EEE19 /* Pods-VulcanSample.debug.xcconfig */ = {isa = PBXFileReference; includeInIndex = 1; lastKnownFileType = text.xcconfig; name = "Pods-VulcanSample.debug.xcconfig"; path = "Pods/Target Support Files/Pods-VulcanSample/Pods-VulcanSample.debug.xcconfig"; sourceTree = "<group>"; };
		58FDEA4FBF78AEA3405734AD /* Pods_VulcanSampleTests.framework */ = {isa = PBXFileReference; explicitFileType = wrapper.framework; includeInIndex = 0; path = Pods_VulcanSampleTests.framework; sourceTree = BUILT_PRODUCTS_DIR; };
		6468223F9327BAD8AFF8FE57 /* Pods-VulcanSampleTests.release.xcconfig */ = {isa = PBXFileReference; includeInIndex = 1; lastKnownFileType = text.xcconfig; name = "Pods-VulcanSampleTests.release.xcconfig"; path = "Pods/Target Support Files/Pods-VulcanSampleTests/Pods-VulcanSampleTests.release.xcconfig"; sourceTree = "<group>"; };
		7D73FA2B21D4D765374EDFA1 /* Pods-VulcanSampleTests.debug.xcconfig */ = {isa = PBXFileReference; includeInIndex = 1; lastKnownFileType = text.xcconfig; name = "Pods-VulcanSampleTests.debug.xcconfig"; path = "Pods/Target Support Files/Pods-VulcanSampleTests/Pods-VulcanSampleTests.debug.xcconfig"; sourceTree = "<group>"; };
		938206801DB9128B0004D948 /* VulcanSample.app */ = {isa = PBXFileReference; explicitFileType = wrapper.application; includeInIndex = 0; path = VulcanSample.app; sourceTree = BUILT_PRODUCTS_DIR; };
		938206831DB9128B0004D948 /* AppDelegate.swift */ = {isa = PBXFileReference; lastKnownFileType = sourcecode.swift; path = AppDelegate.swift; sourceTree = "<group>"; };
		938206851DB9128B0004D948 /* ViewController.swift */ = {isa = PBXFileReference; lastKnownFileType = sourcecode.swift; path = ViewController.swift; sourceTree = "<group>"; };
		938206881DB9128B0004D948 /* Base */ = {isa = PBXFileReference; lastKnownFileType = file.storyboard; name = Base; path = Base.lproj/Main.storyboard; sourceTree = "<group>"; };
		9382068A1DB9128B0004D948 /* Assets.xcassets */ = {isa = PBXFileReference; lastKnownFileType = folder.assetcatalog; path = Assets.xcassets; sourceTree = "<group>"; };
		9382068D1DB9128B0004D948 /* Base */ = {isa = PBXFileReference; lastKnownFileType = file.storyboard; name = Base; path = Base.lproj/LaunchScreen.storyboard; sourceTree = "<group>"; };
		9382068F1DB9128B0004D948 /* Info.plist */ = {isa = PBXFileReference; lastKnownFileType = text.plist.xml; path = Info.plist; sourceTree = "<group>"; };
		938206941DB9128B0004D948 /* VulcanSampleTests.xctest */ = {isa = PBXFileReference; explicitFileType = wrapper.cfbundle; includeInIndex = 0; path = VulcanSampleTests.xctest; sourceTree = BUILT_PRODUCTS_DIR; };
		938206981DB9128B0004D948 /* VulcanSampleTests.swift */ = {isa = PBXFileReference; lastKnownFileType = sourcecode.swift; path = VulcanSampleTests.swift; sourceTree = "<group>"; };
		9382069A1DB9128B0004D948 /* Info.plist */ = {isa = PBXFileReference; lastKnownFileType = text.plist.xml; path = Info.plist; sourceTree = "<group>"; };
/* End PBXFileReference section */

/* Begin PBXFrameworksBuildPhase section */
		9382067D1DB9128B0004D948 /* Frameworks */ = {
			isa = PBXFrameworksBuildPhase;
			buildActionMask = 2147483647;
			files = (
				2F87EFEFD0C4AEA62DEEAF93 /* Pods_VulcanSample.framework in Frameworks */,
			);
			runOnlyForDeploymentPostprocessing = 0;
		};
		938206911DB9128B0004D948 /* Frameworks */ = {
			isa = PBXFrameworksBuildPhase;
			buildActionMask = 2147483647;
			files = (
				6DF14C68A88125091E5095CD /* Pods_VulcanSampleTests.framework in Frameworks */,
			);
			runOnlyForDeploymentPostprocessing = 0;
		};
/* End PBXFrameworksBuildPhase section */

/* Begin PBXGroup section */
		22B8CF244E0CCBD06A3CCFF3 /* Pods */ = {
			isa = PBXGroup;
			children = (
				52E67D6403C71C95B83EEE19 /* Pods-VulcanSample.debug.xcconfig */,
				4757AAA526B18F55E9A63C6B /* Pods-VulcanSample.release.xcconfig */,
				7D73FA2B21D4D765374EDFA1 /* Pods-VulcanSampleTests.debug.xcconfig */,
				6468223F9327BAD8AFF8FE57 /* Pods-VulcanSampleTests.release.xcconfig */,
			);
			name = Pods;
			sourceTree = "<group>";
		};
		938206771DB9128B0004D948 = {
			isa = PBXGroup;
			children = (
				938206821DB9128B0004D948 /* VulcanSample */,
				938206971DB9128B0004D948 /* VulcanSampleTests */,
				938206811DB9128B0004D948 /* Products */,
				22B8CF244E0CCBD06A3CCFF3 /* Pods */,
				968395BBD6ADE2B8E26D52C9 /* Frameworks */,
			);
			sourceTree = "<group>";
		};
		938206811DB9128B0004D948 /* Products */ = {
			isa = PBXGroup;
			children = (
				938206801DB9128B0004D948 /* VulcanSample.app */,
				938206941DB9128B0004D948 /* VulcanSampleTests.xctest */,
			);
			name = Products;
			sourceTree = "<group>";
		};
		938206821DB9128B0004D948 /* VulcanSample */ = {
			isa = PBXGroup;
			children = (
				938206831DB9128B0004D948 /* AppDelegate.swift */,
				938206851DB9128B0004D948 /* ViewController.swift */,
				938206871DB9128B0004D948 /* Main.storyboard */,
				9382068A1DB9128B0004D948 /* Assets.xcassets */,
				9382068C1DB9128B0004D948 /* LaunchScreen.storyboard */,
				9382068F1DB9128B0004D948 /* Info.plist */,
			);
			path = VulcanSample;
			sourceTree = "<group>";
		};
		938206971DB9128B0004D948 /* VulcanSampleTests */ = {
			isa = PBXGroup;
			children = (
				938206981DB9128B0004D948 /* VulcanSampleTests.swift */,
				9382069A1DB9128B0004D948 /* Info.plist */,
			);
			path = VulcanSampleTests;
			sourceTree = "<group>";
		};
		968395BBD6ADE2B8E26D52C9 /* Frameworks */ = {
			isa = PBXGroup;
			children = (
				32C968BFD133D58AB6517D4F /* Pods_VulcanSample.framework */,
				58FDEA4FBF78AEA3405734AD /* Pods_VulcanSampleTests.framework */,
			);
			name = Frameworks;
			sourceTree = "<group>";
		};
/* End PBXGroup section */

/* Begin PBXNativeTarget section */
		9382067F1DB9128B0004D948 /* VulcanSample */ = {
			isa = PBXNativeTarget;
			buildConfigurationList = 9382069D1DB9128B0004D948 /* Build configuration list for PBXNativeTarget "VulcanSample" */;
			buildPhases = (
				D3169C72333DBE7F2FD347BC /* [CP] Check Pods Manifest.lock */,
				9382067C1DB9128B0004D948 /* Sources */,
				9382067D1DB9128B0004D948 /* Frameworks */,
				9382067E1DB9128B0004D948 /* Resources */,
				E9076A1363E9BEFF745FF0B0 /* [CP] Embed Pods Frameworks */,
				4684778010421A4561D34957 /* [CP] Copy Pods Resources */,
			);
			buildRules = (
			);
			dependencies = (
			);
			name = VulcanSample;
			productName = VulcanSample;
			productReference = 938206801DB9128B0004D948 /* VulcanSample.app */;
			productType = "com.apple.product-type.application";
		};
		938206931DB9128B0004D948 /* VulcanSampleTests */ = {
			isa = PBXNativeTarget;
			buildConfigurationList = 938206A01DB9128B0004D948 /* Build configuration list for PBXNativeTarget "VulcanSampleTests" */;
			buildPhases = (
				C1663C9EC473C2AE1B3B31A9 /* [CP] Check Pods Manifest.lock */,
				938206901DB9128B0004D948 /* Sources */,
				938206911DB9128B0004D948 /* Frameworks */,
				938206921DB9128B0004D948 /* Resources */,
				60DBE744F9FB64BF711FC610 /* [CP] Embed Pods Frameworks */,
				CFD1D7BF855DDF6BEA2848AE /* [CP] Copy Pods Resources */,
			);
			buildRules = (
			);
			dependencies = (
				938206961DB9128B0004D948 /* PBXTargetDependency */,
			);
			name = VulcanSampleTests;
			productName = VulcanSampleTests;
			productReference = 938206941DB9128B0004D948 /* VulcanSampleTests.xctest */;
			productType = "com.apple.product-type.bundle.unit-test";
		};
/* End PBXNativeTarget section */

/* Begin PBXProject section */
		938206781DB9128B0004D948 /* Project object */ = {
			isa = PBXProject;
			attributes = {
				LastSwiftUpdateCheck = 0800;
				LastUpgradeCheck = 0800;
				ORGANIZATIONNAME = Sasakky;
				TargetAttributes = {
					9382067F1DB9128B0004D948 = {
						CreatedOnToolsVersion = 8.0;
						ProvisioningStyle = Automatic;
					};
					938206931DB9128B0004D948 = {
						CreatedOnToolsVersion = 8.0;
						ProvisioningStyle = Automatic;
						TestTargetID = 9382067F1DB9128B0004D948;
					};
				};
			};
			buildConfigurationList = 9382067B1DB9128B0004D948 /* Build configuration list for PBXProject "VulcanSample" */;
			compatibilityVersion = "Xcode 3.2";
			developmentRegion = English;
			hasScannedForEncodings = 0;
			knownRegions = (
				en,
				Base,
			);
			mainGroup = 938206771DB9128B0004D948;
			productRefGroup = 938206811DB9128B0004D948 /* Products */;
			projectDirPath = "";
			projectRoot = "";
			targets = (
				9382067F1DB9128B0004D948 /* VulcanSample */,
				938206931DB9128B0004D948 /* VulcanSampleTests */,
			);
		};
/* End PBXProject section */

/* Begin PBXResourcesBuildPhase section */
		9382067E1DB9128B0004D948 /* Resources */ = {
			isa = PBXResourcesBuildPhase;
			buildActionMask = 2147483647;
			files = (
				9382068E1DB9128B0004D948 /* LaunchScreen.storyboard in Resources */,
				9382068B1DB9128B0004D948 /* Assets.xcassets in Resources */,
				938206891DB9128B0004D948 /* Main.storyboard in Resources */,
			);
			runOnlyForDeploymentPostprocessing = 0;
		};
		938206921DB9128B0004D948 /* Resources */ = {
			isa = PBXResourcesBuildPhase;
			buildActionMask = 2147483647;
			files = (
			);
			runOnlyForDeploymentPostprocessing = 0;
		};
/* End PBXResourcesBuildPhase section */

/* Begin PBXShellScriptBuildPhase section */
		4684778010421A4561D34957 /* [CP] Copy Pods Resources */ = {
			isa = PBXShellScriptBuildPhase;
			buildActionMask = 2147483647;
			files = (
			);
			inputPaths = (
			);
			name = "[CP] Copy Pods Resources";
			outputPaths = (
			);
			runOnlyForDeploymentPostprocessing = 0;
			shellPath = /bin/sh;
			shellScript = "\"${SRCROOT}/Pods/Target Support Files/Pods-VulcanSample/Pods-VulcanSample-resources.sh\"\n";
			showEnvVarsInLog = 0;
		};
		60DBE744F9FB64BF711FC610 /* [CP] Embed Pods Frameworks */ = {
			isa = PBXShellScriptBuildPhase;
			buildActionMask = 2147483647;
			files = (
			);
			inputPaths = (
			);
			name = "[CP] Embed Pods Frameworks";
			outputPaths = (
			);
			runOnlyForDeploymentPostprocessing = 0;
			shellPath = /bin/sh;
			shellScript = "\"${SRCROOT}/Pods/Target Support Files/Pods-VulcanSampleTests/Pods-VulcanSampleTests-frameworks.sh\"\n";
			showEnvVarsInLog = 0;
		};
		C1663C9EC473C2AE1B3B31A9 /* [CP] Check Pods Manifest.lock */ = {
			isa = PBXShellScriptBuildPhase;
			buildActionMask = 2147483647;
			files = (
			);
			inputPaths = (
			);
			name = "[CP] Check Pods Manifest.lock";
			outputPaths = (
			);
			runOnlyForDeploymentPostprocessing = 0;
			shellPath = /bin/sh;
			shellScript = "diff \"${PODS_PODFILE_DIR_PATH}/Podfile.lock\" \"${PODS_ROOT}/Manifest.lock\" > /dev/null\nif [ $? != 0 ] ; then\n    # print error to STDERR\n    echo \"error: The sandbox is not in sync with the Podfile.lock. Run 'pod install' or update your CocoaPods installation.\" >&2\n    exit 1\nfi\n";
			showEnvVarsInLog = 0;
		};
		CFD1D7BF855DDF6BEA2848AE /* [CP] Copy Pods Resources */ = {
			isa = PBXShellScriptBuildPhase;
			buildActionMask = 2147483647;
			files = (
			);
			inputPaths = (
			);
			name = "[CP] Copy Pods Resources";
			outputPaths = (
			);
			runOnlyForDeploymentPostprocessing = 0;
			shellPath = /bin/sh;
			shellScript = "\"${SRCROOT}/Pods/Target Support Files/Pods-VulcanSampleTests/Pods-VulcanSampleTests-resources.sh\"\n";
			showEnvVarsInLog = 0;
		};
		D3169C72333DBE7F2FD347BC /* [CP] Check Pods Manifest.lock */ = {
			isa = PBXShellScriptBuildPhase;
			buildActionMask = 2147483647;
			files = (
			);
			inputPaths = (
			);
			name = "[CP] Check Pods Manifest.lock";
			outputPaths = (
			);
			runOnlyForDeploymentPostprocessing = 0;
			shellPath = /bin/sh;
			shellScript = "diff \"${PODS_PODFILE_DIR_PATH}/Podfile.lock\" \"${PODS_ROOT}/Manifest.lock\" > /dev/null\nif [ $? != 0 ] ; then\n    # print error to STDERR\n    echo \"error: The sandbox is not in sync with the Podfile.lock. Run 'pod install' or update your CocoaPods installation.\" >&2\n    exit 1\nfi\n";
			showEnvVarsInLog = 0;
		};
		E9076A1363E9BEFF745FF0B0 /* [CP] Embed Pods Frameworks */ = {
			isa = PBXShellScriptBuildPhase;
			buildActionMask = 2147483647;
			files = (
			);
			inputPaths = (
			);
			name = "[CP] Embed Pods Frameworks";
			outputPaths = (
			);
			runOnlyForDeploymentPostprocessing = 0;
			shellPath = /bin/sh;
			shellScript = "\"${SRCROOT}/Pods/Target Support Files/Pods-VulcanSample/Pods-VulcanSample-frameworks.sh\"\n";
			showEnvVarsInLog = 0;
		};
/* End PBXShellScriptBuildPhase section */

/* Begin PBXSourcesBuildPhase section */
		9382067C1DB9128B0004D948 /* Sources */ = {
			isa = PBXSourcesBuildPhase;
			buildActionMask = 2147483647;
			files = (
				938206861DB9128B0004D948 /* ViewController.swift in Sources */,
				938206841DB9128B0004D948 /* AppDelegate.swift in Sources */,
			);
			runOnlyForDeploymentPostprocessing = 0;
		};
		938206901DB9128B0004D948 /* Sources */ = {
			isa = PBXSourcesBuildPhase;
			buildActionMask = 2147483647;
			files = (
				938206991DB9128B0004D948 /* VulcanSampleTests.swift in Sources */,
			);
			runOnlyForDeploymentPostprocessing = 0;
		};
/* End PBXSourcesBuildPhase section */

/* Begin PBXTargetDependency section */
		938206961DB9128B0004D948 /* PBXTargetDependency */ = {
			isa = PBXTargetDependency;
			target = 9382067F1DB9128B0004D948 /* VulcanSample */;
			targetProxy = 938206951DB9128B0004D948 /* PBXContainerItemProxy */;
		};
/* End PBXTargetDependency section */

/* Begin PBXVariantGroup section */
		938206871DB9128B0004D948 /* Main.storyboard */ = {
			isa = PBXVariantGroup;
			children = (
				938206881DB9128B0004D948 /* Base */,
			);
			name = Main.storyboard;
			sourceTree = "<group>";
		};
		9382068C1DB9128B0004D948 /* LaunchScreen.storyboard */ = {
			isa = PBXVariantGroup;
			children = (
				9382068D1DB9128B0004D948 /* Base */,
			);
			name = LaunchScreen.storyboard;
			sourceTree = "<group>";
		};
/* End PBXVariantGroup section */

/* Begin XCBuildConfiguration section */
		9382069B1DB9128B0004D948 /* Debug */ = {
			isa = XCBuildConfiguration;
			buildSettings = {
				ALWAYS_SEARCH_USER_PATHS = NO;
				CLANG_ANALYZER_NONNULL = YES;
				CLANG_CXX_LANGUAGE_STANDARD = "gnu++0x";
				CLANG_CXX_LIBRARY = "libc++";
				CLANG_ENABLE_MODULES = YES;
				CLANG_ENABLE_OBJC_ARC = YES;
				CLANG_WARN_BOOL_CONVERSION = YES;
				CLANG_WARN_CONSTANT_CONVERSION = YES;
				CLANG_WARN_DIRECT_OBJC_ISA_USAGE = YES_ERROR;
				CLANG_WARN_DOCUMENTATION_COMMENTS = YES;
				CLANG_WARN_EMPTY_BODY = YES;
				CLANG_WARN_ENUM_CONVERSION = YES;
				CLANG_WARN_INFINITE_RECURSION = YES;
				CLANG_WARN_INT_CONVERSION = YES;
				CLANG_WARN_OBJC_ROOT_CLASS = YES_ERROR;
				CLANG_WARN_SUSPICIOUS_MOVES = YES;
				CLANG_WARN_UNREACHABLE_CODE = YES;
				CLANG_WARN__DUPLICATE_METHOD_MATCH = YES;
				"CODE_SIGN_IDENTITY[sdk=iphoneos*]" = "iPhone Developer";
				COPY_PHASE_STRIP = NO;
				DEBUG_INFORMATION_FORMAT = dwarf;
				ENABLE_STRICT_OBJC_MSGSEND = YES;
				ENABLE_TESTABILITY = YES;
				GCC_C_LANGUAGE_STANDARD = gnu99;
				GCC_DYNAMIC_NO_PIC = NO;
				GCC_NO_COMMON_BLOCKS = YES;
				GCC_OPTIMIZATION_LEVEL = 0;
				GCC_PREPROCESSOR_DEFINITIONS = (
					"DEBUG=1",
					"$(inherited)",
				);
				GCC_WARN_64_TO_32_BIT_CONVERSION = YES;
				GCC_WARN_ABOUT_RETURN_TYPE = YES_ERROR;
				GCC_WARN_UNDECLARED_SELECTOR = YES;
				GCC_WARN_UNINITIALIZED_AUTOS = YES_AGGRESSIVE;
				GCC_WARN_UNUSED_FUNCTION = YES;
				GCC_WARN_UNUSED_VARIABLE = YES;
				IPHONEOS_DEPLOYMENT_TARGET = 10.0;
				MTL_ENABLE_DEBUG_INFO = YES;
				ONLY_ACTIVE_ARCH = YES;
				SDKROOT = iphoneos;
				SWIFT_ACTIVE_COMPILATION_CONDITIONS = DEBUG;
				SWIFT_OPTIMIZATION_LEVEL = "-Onone";
			};
			name = Debug;
		};
		9382069C1DB9128B0004D948 /* Release */ = {
			isa = XCBuildConfiguration;
			buildSettings = {
				ALWAYS_SEARCH_USER_PATHS = NO;
				CLANG_ANALYZER_NONNULL = YES;
				CLANG_CXX_LANGUAGE_STANDARD = "gnu++0x";
				CLANG_CXX_LIBRARY = "libc++";
				CLANG_ENABLE_MODULES = YES;
				CLANG_ENABLE_OBJC_ARC = YES;
				CLANG_WARN_BOOL_CONVERSION = YES;
				CLANG_WARN_CONSTANT_CONVERSION = YES;
				CLANG_WARN_DIRECT_OBJC_ISA_USAGE = YES_ERROR;
				CLANG_WARN_DOCUMENTATION_COMMENTS = YES;
				CLANG_WARN_EMPTY_BODY = YES;
				CLANG_WARN_ENUM_CONVERSION = YES;
				CLANG_WARN_INFINITE_RECURSION = YES;
				CLANG_WARN_INT_CONVERSION = YES;
				CLANG_WARN_OBJC_ROOT_CLASS = YES_ERROR;
				CLANG_WARN_SUSPICIOUS_MOVES = YES;
				CLANG_WARN_UNREACHABLE_CODE = YES;
				CLANG_WARN__DUPLICATE_METHOD_MATCH = YES;
				"CODE_SIGN_IDENTITY[sdk=iphoneos*]" = "iPhone Developer";
				COPY_PHASE_STRIP = NO;
				DEBUG_INFORMATION_FORMAT = "dwarf-with-dsym";
				ENABLE_NS_ASSERTIONS = NO;
				ENABLE_STRICT_OBJC_MSGSEND = YES;
				GCC_C_LANGUAGE_STANDARD = gnu99;
				GCC_NO_COMMON_BLOCKS = YES;
				GCC_WARN_64_TO_32_BIT_CONVERSION = YES;
				GCC_WARN_ABOUT_RETURN_TYPE = YES_ERROR;
				GCC_WARN_UNDECLARED_SELECTOR = YES;
				GCC_WARN_UNINITIALIZED_AUTOS = YES_AGGRESSIVE;
				GCC_WARN_UNUSED_FUNCTION = YES;
				GCC_WARN_UNUSED_VARIABLE = YES;
				IPHONEOS_DEPLOYMENT_TARGET = 10.0;
				MTL_ENABLE_DEBUG_INFO = NO;
				SDKROOT = iphoneos;
				SWIFT_OPTIMIZATION_LEVEL = "-Owholemodule";
				VALIDATE_PRODUCT = YES;
			};
			name = Release;
		};
		9382069E1DB9128B0004D948 /* Debug */ = {
			isa = XCBuildConfiguration;
			baseConfigurationReference = 52E67D6403C71C95B83EEE19 /* Pods-VulcanSample.debug.xcconfig */;
			buildSettings = {
				ASSETCATALOG_COMPILER_APPICON_NAME = AppIcon;
				INFOPLIST_FILE = VulcanSample/Info.plist;
				IPHONEOS_DEPLOYMENT_TARGET = 8.0;
				LD_RUNPATH_SEARCH_PATHS = "$(inherited) @executable_path/Frameworks";
				PRODUCT_BUNDLE_IDENTIFIER = jp.sasakky.VulcanSample;
				PRODUCT_NAME = "$(TARGET_NAME)";
				SWIFT_VERSION = 3.0;
			};
			name = Debug;
		};
		9382069F1DB9128B0004D948 /* Release */ = {
			isa = XCBuildConfiguration;
			baseConfigurationReference = 4757AAA526B18F55E9A63C6B /* Pods-VulcanSample.release.xcconfig */;
			buildSettings = {
				ASSETCATALOG_COMPILER_APPICON_NAME = AppIcon;
				INFOPLIST_FILE = VulcanSample/Info.plist;
				IPHONEOS_DEPLOYMENT_TARGET = 8.0;
				LD_RUNPATH_SEARCH_PATHS = "$(inherited) @executable_path/Frameworks";
				PRODUCT_BUNDLE_IDENTIFIER = jp.sasakky.VulcanSample;
				PRODUCT_NAME = "$(TARGET_NAME)";
				SWIFT_VERSION = 3.0;
			};
			name = Release;
		};
		938206A11DB9128B0004D948 /* Debug */ = {
			isa = XCBuildConfiguration;
			baseConfigurationReference = 7D73FA2B21D4D765374EDFA1 /* Pods-VulcanSampleTests.debug.xcconfig */;
			buildSettings = {
				ALWAYS_EMBED_SWIFT_STANDARD_LIBRARIES = YES;
				BUNDLE_LOADER = "$(TEST_HOST)";
				INFOPLIST_FILE = VulcanSampleTests/Info.plist;
				LD_RUNPATH_SEARCH_PATHS = "$(inherited) @executable_path/Frameworks @loader_path/Frameworks";
				PRODUCT_BUNDLE_IDENTIFIER = jp.sasakky.VulcanSampleTests;
				PRODUCT_NAME = "$(TARGET_NAME)";
				SWIFT_VERSION = 3.0;
				TEST_HOST = "$(BUILT_PRODUCTS_DIR)/VulcanSample.app/VulcanSample";
			};
			name = Debug;
		};
		938206A21DB9128B0004D948 /* Release */ = {
			isa = XCBuildConfiguration;
			baseConfigurationReference = 6468223F9327BAD8AFF8FE57 /* Pods-VulcanSampleTests.release.xcconfig */;
			buildSettings = {
				ALWAYS_EMBED_SWIFT_STANDARD_LIBRARIES = YES;
				BUNDLE_LOADER = "$(TEST_HOST)";
				INFOPLIST_FILE = VulcanSampleTests/Info.plist;
				LD_RUNPATH_SEARCH_PATHS = "$(inherited) @executable_path/Frameworks @loader_path/Frameworks";
				PRODUCT_BUNDLE_IDENTIFIER = jp.sasakky.VulcanSampleTests;
				PRODUCT_NAME = "$(TARGET_NAME)";
				SWIFT_VERSION = 3.0;
				TEST_HOST = "$(BUILT_PRODUCTS_DIR)/VulcanSample.app/VulcanSample";
			};
			name = Release;
		};
/* End XCBuildConfiguration section */

/* Begin XCConfigurationList section */
		9382067B1DB9128B0004D948 /* Build configuration list for PBXProject "VulcanSample" */ = {
			isa = XCConfigurationList;
			buildConfigurations = (
				9382069B1DB9128B0004D948 /* Debug */,
				9382069C1DB9128B0004D948 /* Release */,
			);
			defaultConfigurationIsVisible = 0;
			defaultConfigurationName = Release;
		};
		9382069D1DB9128B0004D948 /* Build configuration list for PBXNativeTarget "VulcanSample" */ = {
			isa = XCConfigurationList;
			buildConfigurations = (
				9382069E1DB9128B0004D948 /* Debug */,
				9382069F1DB9128B0004D948 /* Release */,
			);
			defaultConfigurationIsVisible = 0;
			defaultConfigurationName = Release;
		};
		938206A01DB9128B0004D948 /* Build configuration list for PBXNativeTarget "VulcanSampleTests" */ = {
			isa = XCConfigurationList;
			buildConfigurations = (
				938206A11DB9128B0004D948 /* Debug */,
				938206A21DB9128B0004D948 /* Release */,
			);
			defaultConfigurationIsVisible = 0;
			defaultConfigurationName = Release;
		};
/* End XCConfigurationList section */
	};
	rootObject = 938206781DB9128B0004D948 /* Project object */;
}
